
Microsoft Visual Studio Solution File, Format Version 12.00
# Visual Studio 15
Project("{FAE04EC0-301F-11D3-BF4B-00C04F79EFBC}") = "Assembly-CSharp", "Assembly-CSharp.csproj", "{996984AF-FCD2-8F6A-9DEF-94B8FAF7B8C3}"
EndProject
Project("{FAE04EC0-301F-11D3-BF4B-00C04F79EFBC}") = "Assembly-CSharp-firstpass", "Assembly-CSharp-firstpass.csproj", "{19006C1B-96BB-4549-A868-DE6145A2E623}"
EndProject
Global
	GlobalSection(SolutionConfigurationPlatforms) = preSolution
		Debug|Any CPU = Debug|Any CPU
		Release|Any CPU = Release|Any CPU
	EndGlobalSection
	GlobalSection(ProjectConfigurationPlatforms) = postSolution
		{996984AF-FCD2-8F6A-9DEF-94B8FAF7B8C3}.Debug|Any CPU.ActiveCfg = Debug|Any CPU
		{996984AF-FCD2-8F6A-9DEF-94B8FAF7B8C3}.Debug|Any CPU.Build.0 = Debug|Any CPU
		{996984AF-FCD2-8F6A-9DEF-94B8FAF7B8C3}.Release|Any CPU.ActiveCfg = Release|Any CPU
		{996984AF-FCD2-8F6A-9DEF-94B8FAF7B8C3}.Release|Any CPU.Build.0 = Release|Any CPU
		{19006C1B-96BB-4549-A868-DE6145A2E623}.Debug|Any CPU.ActiveCfg = Debug|Any CPU
		{19006C1B-96BB-4549-A868-DE6145A2E623}.Debug|Any CPU.Build.0 = Debug|Any CPU
		{19006C1B-96BB-4549-A868-DE6145A2E623}.Release|Any CPU.ActiveCfg = Release|Any CPU
		{19006C1B-96BB-4549-A868-DE6145A2E623}.Release|Any CPU.Build.0 = Release|Any CPU
	EndGlobalSection
	GlobalSection(SolutionProperties) = preSolution
		HideSolutionNode = FALSE
	EndGlobalSection
	GlobalSection(MonoDevelopProperties) = preSolution
		StartupItem = Assembly-CSharp.csproj
	EndGlobalSection
EndGlobal
