
Microsoft Visual Studio Solution File, Format Version 12.00
# Visual Studio 15
Project("{FAE04EC0-301F-11D3-BF4B-00C04F79EFBC}") = "Assembly-CSharp", "Assembly-CSharp.csproj", "{CEFEED91-73CE-D54C-AFBD-E867EE101222}"
EndProject
Project("{FAE04EC0-301F-11D3-BF4B-00C04F79EFBC}") = "Assembly-CSharp-firstpass", "Assembly-CSharp-firstpass.csproj", "{F1D87F37-EDA9-07E2-0A95-62DE4586D644}"
EndProject
Global
	GlobalSection(SolutionConfigurationPlatforms) = preSolution
		Debug|Any CPU = Debug|Any CPU
		Release|Any CPU = Release|Any CPU
	EndGlobalSection
	GlobalSection(ProjectConfigurationPlatforms) = postSolution
		{CEFEED91-73CE-D54C-AFBD-E867EE101222}.Debug|Any CPU.ActiveCfg = Debug|Any CPU
		{CEFEED91-73CE-D54C-AFBD-E867EE101222}.Debug|Any CPU.Build.0 = Debug|Any CPU
		{CEFEED91-73CE-D54C-AFBD-E867EE101222}.Release|Any CPU.ActiveCfg = Release|Any CPU
		{CEFEED91-73CE-D54C-AFBD-E867EE101222}.Release|Any CPU.Build.0 = Release|Any CPU
		{F1D87F37-EDA9-07E2-0A95-62DE4586D644}.Debug|Any CPU.ActiveCfg = Debug|Any CPU
		{F1D87F37-EDA9-07E2-0A95-62DE4586D644}.Debug|Any CPU.Build.0 = Debug|Any CPU
		{F1D87F37-EDA9-07E2-0A95-62DE4586D644}.Release|Any CPU.ActiveCfg = Release|Any CPU
		{F1D87F37-EDA9-07E2-0A95-62DE4586D644}.Release|Any CPU.Build.0 = Release|Any CPU
	EndGlobalSection
	GlobalSection(SolutionProperties) = preSolution
		HideSolutionNode = FALSE
	EndGlobalSection
	GlobalSection(MonoDevelopProperties) = preSolution
		StartupItem = Assembly-CSharp.csproj
	EndGlobalSection
EndGlobal
